
Microsoft Visual Studio Solution File, Format Version 12.00
# Visual Studio 15
VisualStudioVersion = 15.0.28307.705
MinimumVisualStudioVersion = 10.0.40219.1
Project("{FAE04EC0-301F-11D3-BF4B-00C04F79EFBC}") = "WebService", "CaseStudyPart2\WebService.csproj", "{C38FE19C-9C6B-4C7E-9B2D-7D3F0F7C0085}"
EndProject
Project("{FAE04EC0-301F-11D3-BF4B-00C04F79EFBC}") = "Spo2CheckerLib", "Spo2CheckerLib\Spo2CheckerLib.csproj", "{60242766-D753-4DF6-BFF1-C31A5BD812AE}"
EndProject
Project("{FAE04EC0-301F-11D3-BF4B-00C04F79EFBC}") = "Spo2CheckerInterfaceLib", "Spo2CheckerInterfaceLib\Spo2CheckerInterfaceLib.csproj", "{4331C211-0D73-4984-AD01-7B600323D331}"
EndProject
Project("{FAE04EC0-301F-11D3-BF4B-00C04F79EFBC}") = "PulseCheckerLib", "PulseCheckerLib\PulseCheckerLib.csproj", "{E4938834-BDB3-40E9-BDC1-8A716AB1D0A1}"
EndProject
Project("{FAE04EC0-301F-11D3-BF4B-00C04F79EFBC}") = "PulseCheckerInteraceLib", "PulseCheckerInteraceLib\PulseCheckerInteraceLib.csproj", "{F30AB184-025A-458B-8C78-5DC20C4BD34D}"
EndProject
Project("{FAE04EC0-301F-11D3-BF4B-00C04F79EFBC}") = "TemperatureCheckerLib", "TemperatureCheckerLib\TemperatureCheckerLib.csproj", "{5BF56B75-5866-4A4B-B651-F65EBD1CE64C}"
EndProject
Project("{FAE04EC0-301F-11D3-BF4B-00C04F79EFBC}") = "TempCheckerInterfaceLib", "TempCheckerInterfaceLib\TempCheckerInterfaceLib.csproj", "{4A5BEF87-E916-4434-A26F-82C57CFAAAB0}"
EndProject
Project("{FAE04EC0-301F-11D3-BF4B-00C04F79EFBC}") = "DataModelsLib", "DataModelsLib\DataModelsLib.csproj", "{76D3461F-E54D-4606-873F-66F479F33D95}"
EndProject
Project("{FAE04EC0-301F-11D3-BF4B-00C04F79EFBC}") = "ICUDBMySQLRepository", "ICUDBMySQLRepository\ICUDBMySQLRepository.csproj", "{5077CF2C-C69C-4FA4-A94A-72C62AD0455F}"
EndProject
Project("{FAE04EC0-301F-11D3-BF4B-00C04F79EFBC}") = "ICUDBMySQLRepoInterfaceLib", "ICUDBMySQLRepoInterfaceLib\ICUDBMySQLRepoInterfaceLib.csproj", "{D7F02270-3B64-410D-85E4-DC7D9471D5C1}"
EndProject
Global
	GlobalSection(SolutionConfigurationPlatforms) = preSolution
		Debug|Any CPU = Debug|Any CPU
		Release|Any CPU = Release|Any CPU
	EndGlobalSection
	GlobalSection(ProjectConfigurationPlatforms) = postSolution
		{C38FE19C-9C6B-4C7E-9B2D-7D3F0F7C0085}.Debug|Any CPU.ActiveCfg = Debug|Any CPU
		{C38FE19C-9C6B-4C7E-9B2D-7D3F0F7C0085}.Debug|Any CPU.Build.0 = Debug|Any CPU
		{C38FE19C-9C6B-4C7E-9B2D-7D3F0F7C0085}.Release|Any CPU.ActiveCfg = Release|Any CPU
		{C38FE19C-9C6B-4C7E-9B2D-7D3F0F7C0085}.Release|Any CPU.Build.0 = Release|Any CPU
		{60242766-D753-4DF6-BFF1-C31A5BD812AE}.Debug|Any CPU.ActiveCfg = Debug|Any CPU
		{60242766-D753-4DF6-BFF1-C31A5BD812AE}.Debug|Any CPU.Build.0 = Debug|Any CPU
		{60242766-D753-4DF6-BFF1-C31A5BD812AE}.Release|Any CPU.ActiveCfg = Release|Any CPU
		{60242766-D753-4DF6-BFF1-C31A5BD812AE}.Release|Any CPU.Build.0 = Release|Any CPU
		{4331C211-0D73-4984-AD01-7B600323D331}.Debug|Any CPU.ActiveCfg = Debug|Any CPU
		{4331C211-0D73-4984-AD01-7B600323D331}.Debug|Any CPU.Build.0 = Debug|Any CPU
		{4331C211-0D73-4984-AD01-7B600323D331}.Release|Any CPU.ActiveCfg = Release|Any CPU
		{4331C211-0D73-4984-AD01-7B600323D331}.Release|Any CPU.Build.0 = Release|Any CPU
		{E4938834-BDB3-40E9-BDC1-8A716AB1D0A1}.Debug|Any CPU.ActiveCfg = Debug|Any CPU
		{E4938834-BDB3-40E9-BDC1-8A716AB1D0A1}.Debug|Any CPU.Build.0 = Debug|Any CPU
		{E4938834-BDB3-40E9-BDC1-8A716AB1D0A1}.Release|Any CPU.ActiveCfg = Release|Any CPU
		{E4938834-BDB3-40E9-BDC1-8A716AB1D0A1}.Release|Any CPU.Build.0 = Release|Any CPU
		{F30AB184-025A-458B-8C78-5DC20C4BD34D}.Debug|Any CPU.ActiveCfg = Debug|Any CPU
		{F30AB184-025A-458B-8C78-5DC20C4BD34D}.Debug|Any CPU.Build.0 = Debug|Any CPU
		{F30AB184-025A-458B-8C78-5DC20C4BD34D}.Release|Any CPU.ActiveCfg = Release|Any CPU
		{F30AB184-025A-458B-8C78-5DC20C4BD34D}.Release|Any CPU.Build.0 = Release|Any CPU
		{5BF56B75-5866-4A4B-B651-F65EBD1CE64C}.Debug|Any CPU.ActiveCfg = Debug|Any CPU
		{5BF56B75-5866-4A4B-B651-F65EBD1CE64C}.Debug|Any CPU.Build.0 = Debug|Any CPU
		{5BF56B75-5866-4A4B-B651-F65EBD1CE64C}.Release|Any CPU.ActiveCfg = Release|Any CPU
		{5BF56B75-5866-4A4B-B651-F65EBD1CE64C}.Release|Any CPU.Build.0 = Release|Any CPU
		{4A5BEF87-E916-4434-A26F-82C57CFAAAB0}.Debug|Any CPU.ActiveCfg = Debug|Any CPU
		{4A5BEF87-E916-4434-A26F-82C57CFAAAB0}.Debug|Any CPU.Build.0 = Debug|Any CPU
		{4A5BEF87-E916-4434-A26F-82C57CFAAAB0}.Release|Any CPU.ActiveCfg = Release|Any CPU
		{4A5BEF87-E916-4434-A26F-82C57CFAAAB0}.Release|Any CPU.Build.0 = Release|Any CPU
		{76D3461F-E54D-4606-873F-66F479F33D95}.Debug|Any CPU.ActiveCfg = Debug|Any CPU
		{76D3461F-E54D-4606-873F-66F479F33D95}.Debug|Any CPU.Build.0 = Debug|Any CPU
		{76D3461F-E54D-4606-873F-66F479F33D95}.Release|Any CPU.ActiveCfg = Release|Any CPU
		{76D3461F-E54D-4606-873F-66F479F33D95}.Release|Any CPU.Build.0 = Release|Any CPU
		{5077CF2C-C69C-4FA4-A94A-72C62AD0455F}.Debug|Any CPU.ActiveCfg = Debug|Any CPU
		{5077CF2C-C69C-4FA4-A94A-72C62AD0455F}.Debug|Any CPU.Build.0 = Debug|Any CPU
		{5077CF2C-C69C-4FA4-A94A-72C62AD0455F}.Release|Any CPU.ActiveCfg = Release|Any CPU
		{5077CF2C-C69C-4FA4-A94A-72C62AD0455F}.Release|Any CPU.Build.0 = Release|Any CPU
		{D7F02270-3B64-410D-85E4-DC7D9471D5C1}.Debug|Any CPU.ActiveCfg = Debug|Any CPU
		{D7F02270-3B64-410D-85E4-DC7D9471D5C1}.Debug|Any CPU.Build.0 = Debug|Any CPU
		{D7F02270-3B64-410D-85E4-DC7D9471D5C1}.Release|Any CPU.ActiveCfg = Release|Any CPU
		{D7F02270-3B64-410D-85E4-DC7D9471D5C1}.Release|Any CPU.Build.0 = Release|Any CPU
	EndGlobalSection
	GlobalSection(SolutionProperties) = preSolution
		HideSolutionNode = FALSE
	EndGlobalSection
	GlobalSection(ExtensibilityGlobals) = postSolution
		SolutionGuid = {232FCF21-15AE-4A77-A246-09FED71CAA05}
	EndGlobalSection
EndGlobal
